// !$*UTF8*$!
{
	archiveVersion = 1;
	classes = {
	};
	objectVersion = 48;
	objects = {

/* Begin PBXBuildFile section */
		AA5E0B051FCD458C00D5C2E7 /* main.c in Sources */ = {isa = PBXBuildFile; fileRef = AA5E0B041FCD458C00D5C2E7 /* main.c */; };
		AA5E0B0D1FCD45BB00D5C2E7 /* MedianOfTwoSortedArrays.c in Sources */ = {isa = PBXBuildFile; fileRef = AA5E0B0C1FCD45BB00D5C2E7 /* MedianOfTwoSortedArrays.c */; };
/* End PBXBuildFile section */

/* Begin PBXCopyFilesBuildPhase section */
		AA5E0AFF1FCD458C00D5C2E7 /* CopyFiles */ = {
			isa = PBXCopyFilesBuildPhase;
			buildActionMask = 2147483647;
			dstPath = /usr/share/man/man1/;
			dstSubfolderSpec = 0;
			files = (
			);
			runOnlyForDeploymentPostprocessing = 1;
		};
/* End PBXCopyFilesBuildPhase section */

/* Begin PBXFileReference section */
		AA5E0B011FCD458C00D5C2E7 /* MedianOfTwoSortedArrays */ = {isa = PBXFileReference; explicitFileType = "compiled.mach-o.executable"; includeInIndex = 0; path = MedianOfTwoSortedArrays; sourceTree = BUILT_PRODUCTS_DIR; };
		AA5E0B041FCD458C00D5C2E7 /* main.c */ = {isa = PBXFileReference; lastKnownFileType = sourcecode.c.c; path = main.c; sourceTree = "<group>"; };
		AA5E0B0B1FCD45BB00D5C2E7 /* MedianOfTwoSortedArrays.h */ = {isa = PBXFileReference; lastKnownFileType = sourcecode.c.h; path = MedianOfTwoSortedArrays.h; sourceTree = "<group>"; };
		AA5E0B0C1FCD45BB00D5C2E7 /* MedianOfTwoSortedArrays.c */ = {isa = PBXFileReference; lastKnownFileType = sourcecode.c.c; path = MedianOfTwoSortedArrays.c; sourceTree = "<group>"; };
/* End PBXFileReference section */

/* Begin PBXFrameworksBuildPhase section */
		AA5E0AFE1FCD458C00D5C2E7 /* Frameworks */ = {
			isa = PBXFrameworksBuildPhase;
			buildActionMask = 2147483647;
			files = (
			);
			runOnlyForDeploymentPostprocessing = 0;
		};
/* End PBXFrameworksBuildPhase section */

/* Begin PBXGroup section */
		AA5E0AF81FCD458C00D5C2E7 = {
			isa = PBXGroup;
			children = (
				AA5E0B031FCD458C00D5C2E7 /* MedianOfTwoSortedArrays */,
				AA5E0B021FCD458C00D5C2E7 /* Products */,
			);
			sourceTree = "<group>";
		};
		AA5E0B021FCD458C00D5C2E7 /* Products */ = {
			isa = PBXGroup;
			children = (
				AA5E0B011FCD458C00D5C2E7 /* MedianOfTwoSortedArrays */,
			);
			name = Products;
			sourceTree = "<group>";
		};
		AA5E0B031FCD458C00D5C2E7 /* MedianOfTwoSortedArrays */ = {
			isa = PBXGroup;
			children = (
				AA5E0B041FCD458C00D5C2E7 /* main.c */,
				AA5E0B0B1FCD45BB00D5C2E7 /* MedianOfTwoSortedArrays.h */,
				AA5E0B0C1FCD45BB00D5C2E7 /* MedianOfTwoSortedArrays.c */,
			);
			path = MedianOfTwoSortedArrays;
			sourceTree = "<group>";
		};
/* End PBXGroup section */

/* Begin PBXNativeTarget section */
		AA5E0B001FCD458C00D5C2E7 /* MedianOfTwoSortedArrays */ = {
			isa = PBXNativeTarget;
			buildConfigurationList = AA5E0B081FCD458C00D5C2E7 /* Build configuration list for PBXNativeTarget "MedianOfTwoSortedArrays" */;
			buildPhases = (
				AA5E0AFD1FCD458C00D5C2E7 /* Sources */,
				AA5E0AFE1FCD458C00D5C2E7 /* Frameworks */,
				AA5E0AFF1FCD458C00D5C2E7 /* CopyFiles */,
			);
			buildRules = (
			);
			dependencies = (
			);
			name = MedianOfTwoSortedArrays;
			productName = MedianOfTwoSortedArrays;
			productReference = AA5E0B011FCD458C00D5C2E7 /* MedianOfTwoSortedArrays */;
			productType = "com.apple.product-type.tool";
		};
/* End PBXNativeTarget section */

/* Begin PBXProject section */
		AA5E0AF91FCD458C00D5C2E7 /* Project object */ = {
			isa = PBXProject;
			attributes = {
				LastUpgradeCheck = 0910;
				ORGANIZATIONNAME = guomingyue;
				TargetAttributes = {
					AA5E0B001FCD458C00D5C2E7 = {
						CreatedOnToolsVersion = 9.1;
						ProvisioningStyle = Automatic;
					};
				};
			};
			buildConfigurationList = AA5E0AFC1FCD458C00D5C2E7 /* Build configuration list for PBXProject "MedianOfTwoSortedArrays" */;
			compatibilityVersion = "Xcode 8.0";
			developmentRegion = en;
			hasScannedForEncodings = 0;
			knownRegions = (
				en,
			);
			mainGroup = AA5E0AF81FCD458C00D5C2E7;
			productRefGroup = AA5E0B021FCD458C00D5C2E7 /* Products */;
			projectDirPath = "";
			projectRoot = "";
			targets = (
				AA5E0B001FCD458C00D5C2E7 /* MedianOfTwoSortedArrays */,
			);
		};
/* End PBXProject section */

/* Begin PBXSourcesBuildPhase section */
		AA5E0AFD1FCD458C00D5C2E7 /* Sources */ = {
			isa = PBXSourcesBuildPhase;
			buildActionMask = 2147483647;
			files = (
				AA5E0B0D1FCD45BB00D5C2E7 /* MedianOfTwoSortedArrays.c in Sources */,
				AA5E0B051FCD458C00D5C2E7 /* main.c in Sources */,
			);
			runOnlyForDeploymentPostprocessing = 0;
		};
/* End PBXSourcesBuildPhase section */

/* Begin XCBuildConfiguration section */
		AA5E0B061FCD458C00D5C2E7 /* Debug */ = {
			isa = XCBuildConfiguration;
			buildSettings = {
				ALWAYS_SEARCH_USER_PATHS = NO;
				CLANG_ANALYZER_NONNULL = YES;
				CLANG_ANALYZER_NUMBER_OBJECT_CONVERSION = YES_AGGRESSIVE;
				CLANG_CXX_LANGUAGE_STANDARD = "gnu++14";
				CLANG_CXX_LIBRARY = "libc++";
				CLANG_ENABLE_MODULES = YES;
				CLANG_ENABLE_OBJC_ARC = YES;
				CLANG_WARN_BLOCK_CAPTURE_AUTORELEASING = YES;
				CLANG_WARN_BOOL_CONVERSION = YES;
				CLANG_WARN_COMMA = YES;
				CLANG_WARN_CONSTANT_CONVERSION = YES;
				CLANG_WARN_DIRECT_OBJC_ISA_USAGE = YES_ERROR;
				CLANG_WARN_DOCUMENTATION_COMMENTS = YES;
				CLANG_WARN_EMPTY_BODY = YES;
				CLANG_WARN_ENUM_CONVERSION = YES;
				CLANG_WARN_INFINITE_RECURSION = YES;
				CLANG_WARN_INT_CONVERSION = YES;
				CLANG_WARN_NON_LITERAL_NULL_CONVERSION = YES;
				CLANG_WARN_OBJC_LITERAL_CONVERSION = YES;
				CLANG_WARN_OBJC_ROOT_CLASS = YES_ERROR;
				CLANG_WARN_RANGE_LOOP_ANALYSIS = YES;
				CLANG_WARN_STRICT_PROTOTYPES = YES;
				CLANG_WARN_SUSPICIOUS_MOVE = YES;
				CLANG_WARN_UNGUARDED_AVAILABILITY = YES_AGGRESSIVE;
				CLANG_WARN_UNREACHABLE_CODE = YES;
				CLANG_WARN__DUPLICATE_METHOD_MATCH = YES;
				CODE_SIGN_IDENTITY = "-";
				COPY_PHASE_STRIP = NO;
				DEBUG_INFORMATION_FORMAT = dwarf;
				ENABLE_STRICT_OBJC_MSGSEND = YES;
				ENABLE_TESTABILITY = YES;
				GCC_C_LANGUAGE_STANDARD = gnu11;
				GCC_DYNAMIC_NO_PIC = NO;
				GCC_NO_COMMON_BLOCKS = YES;
				GCC_OPTIMIZATION_LEVEL = 0;
				GCC_PREPROCESSOR_DEFINITIONS = (
					"DEBUG=1",
					"$(inherited)",
				);
				GCC_WARN_64_TO_32_BIT_CONVERSION = YES;
				GCC_WARN_ABOUT_RETURN_TYPE = YES_ERROR;
				GCC_WARN_UNDECLARED_SELECTOR = YES;
				GCC_WARN_UNINITIALIZED_AUTOS = YES_AGGRESSIVE;
				GCC_WARN_UNUSED_FUNCTION = YES;
				GCC_WARN_UNUSED_VARIABLE = YES;
				MACOSX_DEPLOYMENT_TARGET = 10.13;
				MTL_ENABLE_DEBUG_INFO = YES;
				ONLY_ACTIVE_ARCH = YES;
				SDKROOT = macosx;
			};
			name = Debug;
		};
		AA5E0B071FCD458C00D5C2E7 /* Release */ = {
			isa = XCBuildConfiguration;
			buildSettings = {
				ALWAYS_SEARCH_USER_PATHS = NO;
				CLANG_ANALYZER_NONNULL = YES;
				CLANG_ANALYZER_NUMBER_OBJECT_CONVERSION = YES_AGGRESSIVE;
				CLANG_CXX_LANGUAGE_STANDARD = "gnu++14";
				CLANG_CXX_LIBRARY = "libc++";
				CLANG_ENABLE_MODULES = YES;
				CLANG_ENABLE_OBJC_ARC = YES;
				CLANG_WARN_BLOCK_CAPTURE_AUTORELEASING = YES;
				CLANG_WARN_BOOL_CONVERSION = YES;
				CLANG_WARN_COMMA = YES;
				CLANG_WARN_CONSTANT_CONVERSION = YES;
				CLANG_WARN_DIRECT_OBJC_ISA_USAGE = YES_ERROR;
				CLANG_WARN_DOCUMENTATION_COMMENTS = YES;
				CLANG_WARN_EMPTY_BODY = YES;
				CLANG_WARN_ENUM_CONVERSION = YES;
				CLANG_WARN_INFINITE_RECURSION = YES;
				CLANG_WARN_INT_CONVERSION = YES;
				CLANG_WARN_NON_LITERAL_NULL_CONVERSION = YES;
				CLANG_WARN_OBJC_LITERAL_CONVERSION = YES;
				CLANG_WARN_OBJC_ROOT_CLASS = YES_ERROR;
				CLANG_WARN_RANGE_LOOP_ANALYSIS = YES;
				CLANG_WARN_STRICT_PROTOTYPES = YES;
				CLANG_WARN_SUSPICIOUS_MOVE = YES;
				CLANG_WARN_UNGUARDED_AVAILABILITY = YES_AGGRESSIVE;
				CLANG_WARN_UNREACHABLE_CODE = YES;
				CLANG_WARN__DUPLICATE_METHOD_MATCH = YES;
				CODE_SIGN_IDENTITY = "-";
				COPY_PHASE_STRIP = NO;
				DEBUG_INFORMATION_FORMAT = "dwarf-with-dsym";
				ENABLE_NS_ASSERTIONS = NO;
				ENABLE_STRICT_OBJC_MSGSEND = YES;
				GCC_C_LANGUAGE_STANDARD = gnu11;
				GCC_NO_COMMON_BLOCKS = YES;
				GCC_WARN_64_TO_32_BIT_CONVERSION = YES;
				GCC_WARN_ABOUT_RETURN_TYPE = YES_ERROR;
				GCC_WARN_UNDECLARED_SELECTOR = YES;
				GCC_WARN_UNINITIALIZED_AUTOS = YES_AGGRESSIVE;
				GCC_WARN_UNUSED_FUNCTION = YES;
				GCC_WARN_UNUSED_VARIABLE = YES;
				MACOSX_DEPLOYMENT_TARGET = 10.13;
				MTL_ENABLE_DEBUG_INFO = NO;
				SDKROOT = macosx;
			};
			name = Release;
		};
		AA5E0B091FCD458C00D5C2E7 /* Debug */ = {
			isa = XCBuildConfiguration;
			buildSettings = {
				CODE_SIGN_STYLE = Automatic;
				PRODUCT_NAME = "$(TARGET_NAME)";
			};
			name = Debug;
		};
		AA5E0B0A1FCD458C00D5C2E7 /* Release */ = {
			isa = XCBuildConfiguration;
			buildSettings = {
				CODE_SIGN_STYLE = Automatic;
				PRODUCT_NAME = "$(TARGET_NAME)";
			};
			name = Release;
		};
/* End XCBuildConfiguration section */

/* Begin XCConfigurationList section */
		AA5E0AFC1FCD458C00D5C2E7 /* Build configuration list for PBXProject "MedianOfTwoSortedArrays" */ = {
			isa = XCConfigurationList;
			buildConfigurations = (
				AA5E0B061FCD458C00D5C2E7 /* Debug */,
				AA5E0B071FCD458C00D5C2E7 /* Release */,
			);
			defaultConfigurationIsVisible = 0;
			defaultConfigurationName = Release;
		};
		AA5E0B081FCD458C00D5C2E7 /* Build configuration list for PBXNativeTarget "MedianOfTwoSortedArrays" */ = {
			isa = XCConfigurationList;
			buildConfigurations = (
				AA5E0B091FCD458C00D5C2E7 /* Debug */,
				AA5E0B0A1FCD458C00D5C2E7 /* Release */,
			);
			defaultConfigurationIsVisible = 0;
			defaultConfigurationName = Release;
		};
/* End XCConfigurationList section */
	};
	rootObject = AA5E0AF91FCD458C00D5C2E7 /* Project object */;
}
