// !$*UTF8*$!
{
	archiveVersion = 1;
	classes = {
	};
	objectVersion = 48;
	objects = {

/* Begin PBXBuildFile section */
		AAE4C8041FF4EA3100B97A47 /* main.c in Sources */ = {isa = PBXBuildFile; fileRef = AAE4C8031FF4EA3100B97A47 /* main.c */; };
		AAE4C80C1FF4EC9100B97A47 /* LongestPalindromicSubstring.c in Sources */ = {isa = PBXBuildFile; fileRef = AAE4C80B1FF4EC9100B97A47 /* LongestPalindromicSubstring.c */; };
/* End PBXBuildFile section */

/* Begin PBXCopyFilesBuildPhase section */
		AAE4C7FE1FF4EA3100B97A47 /* CopyFiles */ = {
			isa = PBXCopyFilesBuildPhase;
			buildActionMask = 2147483647;
			dstPath = /usr/share/man/man1/;
			dstSubfolderSpec = 0;
			files = (
			);
			runOnlyForDeploymentPostprocessing = 1;
		};
/* End PBXCopyFilesBuildPhase section */

/* Begin PBXFileReference section */
		AAE4C8001FF4EA3100B97A47 /* LongestPalindromicSubstring */ = {isa = PBXFileReference; explicitFileType = "compiled.mach-o.executable"; includeInIndex = 0; path = LongestPalindromicSubstring; sourceTree = BUILT_PRODUCTS_DIR; };
		AAE4C8031FF4EA3100B97A47 /* main.c */ = {isa = PBXFileReference; lastKnownFileType = sourcecode.c.c; path = main.c; sourceTree = "<group>"; };
		AAE4C80A1FF4EC9100B97A47 /* LongestPalindromicSubstring.h */ = {isa = PBXFileReference; lastKnownFileType = sourcecode.c.h; path = LongestPalindromicSubstring.h; sourceTree = "<group>"; };
		AAE4C80B1FF4EC9100B97A47 /* LongestPalindromicSubstring.c */ = {isa = PBXFileReference; lastKnownFileType = sourcecode.c.c; path = LongestPalindromicSubstring.c; sourceTree = "<group>"; };
/* End PBXFileReference section */

/* Begin PBXFrameworksBuildPhase section */
		AAE4C7FD1FF4EA3100B97A47 /* Frameworks */ = {
			isa = PBXFrameworksBuildPhase;
			buildActionMask = 2147483647;
			files = (
			);
			runOnlyForDeploymentPostprocessing = 0;
		};
/* End PBXFrameworksBuildPhase section */

/* Begin PBXGroup section */
		AAE4C7F71FF4EA3100B97A47 = {
			isa = PBXGroup;
			children = (
				AAE4C8021FF4EA3100B97A47 /* LongestPalindromicSubstring */,
				AAE4C8011FF4EA3100B97A47 /* Products */,
			);
			sourceTree = "<group>";
		};
		AAE4C8011FF4EA3100B97A47 /* Products */ = {
			isa = PBXGroup;
			children = (
				AAE4C8001FF4EA3100B97A47 /* LongestPalindromicSubstring */,
			);
			name = Products;
			sourceTree = "<group>";
		};
		AAE4C8021FF4EA3100B97A47 /* LongestPalindromicSubstring */ = {
			isa = PBXGroup;
			children = (
				AAE4C8031FF4EA3100B97A47 /* main.c */,
				AAE4C80A1FF4EC9100B97A47 /* LongestPalindromicSubstring.h */,
				AAE4C80B1FF4EC9100B97A47 /* LongestPalindromicSubstring.c */,
			);
			path = LongestPalindromicSubstring;
			sourceTree = "<group>";
		};
/* End PBXGroup section */

/* Begin PBXNativeTarget section */
		AAE4C7FF1FF4EA3100B97A47 /* LongestPalindromicSubstring */ = {
			isa = PBXNativeTarget;
			buildConfigurationList = AAE4C8071FF4EA3100B97A47 /* Build configuration list for PBXNativeTarget "LongestPalindromicSubstring" */;
			buildPhases = (
				AAE4C7FC1FF4EA3100B97A47 /* Sources */,
				AAE4C7FD1FF4EA3100B97A47 /* Frameworks */,
				AAE4C7FE1FF4EA3100B97A47 /* CopyFiles */,
			);
			buildRules = (
			);
			dependencies = (
			);
			name = LongestPalindromicSubstring;
			productName = LongestPalindromicSubstring;
			productReference = AAE4C8001FF4EA3100B97A47 /* LongestPalindromicSubstring */;
			productType = "com.apple.product-type.tool";
		};
/* End PBXNativeTarget section */

/* Begin PBXProject section */
		AAE4C7F81FF4EA3100B97A47 /* Project object */ = {
			isa = PBXProject;
			attributes = {
				LastUpgradeCheck = 0920;
				ORGANIZATIONNAME = gomeguomingyue;
				TargetAttributes = {
					AAE4C7FF1FF4EA3100B97A47 = {
						CreatedOnToolsVersion = 9.2;
						ProvisioningStyle = Automatic;
					};
				};
			};
			buildConfigurationList = AAE4C7FB1FF4EA3100B97A47 /* Build configuration list for PBXProject "LongestPalindromicSubstring" */;
			compatibilityVersion = "Xcode 8.0";
			developmentRegion = en;
			hasScannedForEncodings = 0;
			knownRegions = (
				en,
			);
			mainGroup = AAE4C7F71FF4EA3100B97A47;
			productRefGroup = AAE4C8011FF4EA3100B97A47 /* Products */;
			projectDirPath = "";
			projectRoot = "";
			targets = (
				AAE4C7FF1FF4EA3100B97A47 /* LongestPalindromicSubstring */,
			);
		};
/* End PBXProject section */

/* Begin PBXSourcesBuildPhase section */
		AAE4C7FC1FF4EA3100B97A47 /* Sources */ = {
			isa = PBXSourcesBuildPhase;
			buildActionMask = 2147483647;
			files = (
				AAE4C8041FF4EA3100B97A47 /* main.c in Sources */,
				AAE4C80C1FF4EC9100B97A47 /* LongestPalindromicSubstring.c in Sources */,
			);
			runOnlyForDeploymentPostprocessing = 0;
		};
/* End PBXSourcesBuildPhase section */

/* Begin XCBuildConfiguration section */
		AAE4C8051FF4EA3100B97A47 /* Debug */ = {
			isa = XCBuildConfiguration;
			buildSettings = {
				ALWAYS_SEARCH_USER_PATHS = NO;
				CLANG_ANALYZER_NONNULL = YES;
				CLANG_ANALYZER_NUMBER_OBJECT_CONVERSION = YES_AGGRESSIVE;
				CLANG_CXX_LANGUAGE_STANDARD = "gnu++14";
				CLANG_CXX_LIBRARY = "libc++";
				CLANG_ENABLE_MODULES = YES;
				CLANG_ENABLE_OBJC_ARC = YES;
				CLANG_WARN_BLOCK_CAPTURE_AUTORELEASING = YES;
				CLANG_WARN_BOOL_CONVERSION = YES;
				CLANG_WARN_COMMA = YES;
				CLANG_WARN_CONSTANT_CONVERSION = YES;
				CLANG_WARN_DIRECT_OBJC_ISA_USAGE = YES_ERROR;
				CLANG_WARN_DOCUMENTATION_COMMENTS = YES;
				CLANG_WARN_EMPTY_BODY = YES;
				CLANG_WARN_ENUM_CONVERSION = YES;
				CLANG_WARN_INFINITE_RECURSION = YES;
				CLANG_WARN_INT_CONVERSION = YES;
				CLANG_WARN_NON_LITERAL_NULL_CONVERSION = YES;
				CLANG_WARN_OBJC_LITERAL_CONVERSION = YES;
				CLANG_WARN_OBJC_ROOT_CLASS = YES_ERROR;
				CLANG_WARN_RANGE_LOOP_ANALYSIS = YES;
				CLANG_WARN_STRICT_PROTOTYPES = YES;
				CLANG_WARN_SUSPICIOUS_MOVE = YES;
				CLANG_WARN_UNGUARDED_AVAILABILITY = YES_AGGRESSIVE;
				CLANG_WARN_UNREACHABLE_CODE = YES;
				CLANG_WARN__DUPLICATE_METHOD_MATCH = YES;
				CODE_SIGN_IDENTITY = "-";
				COPY_PHASE_STRIP = NO;
				DEBUG_INFORMATION_FORMAT = dwarf;
				ENABLE_STRICT_OBJC_MSGSEND = YES;
				ENABLE_TESTABILITY = YES;
				GCC_C_LANGUAGE_STANDARD = gnu11;
				GCC_DYNAMIC_NO_PIC = NO;
				GCC_NO_COMMON_BLOCKS = YES;
				GCC_OPTIMIZATION_LEVEL = 0;
				GCC_PREPROCESSOR_DEFINITIONS = (
					"DEBUG=1",
					"$(inherited)",
				);
				GCC_WARN_64_TO_32_BIT_CONVERSION = YES;
				GCC_WARN_ABOUT_RETURN_TYPE = YES_ERROR;
				GCC_WARN_UNDECLARED_SELECTOR = YES;
				GCC_WARN_UNINITIALIZED_AUTOS = YES_AGGRESSIVE;
				GCC_WARN_UNUSED_FUNCTION = YES;
				GCC_WARN_UNUSED_VARIABLE = YES;
				MACOSX_DEPLOYMENT_TARGET = 10.13;
				MTL_ENABLE_DEBUG_INFO = YES;
				ONLY_ACTIVE_ARCH = YES;
				SDKROOT = macosx;
			};
			name = Debug;
		};
		AAE4C8061FF4EA3100B97A47 /* Release */ = {
			isa = XCBuildConfiguration;
			buildSettings = {
				ALWAYS_SEARCH_USER_PATHS = NO;
				CLANG_ANALYZER_NONNULL = YES;
				CLANG_ANALYZER_NUMBER_OBJECT_CONVERSION = YES_AGGRESSIVE;
				CLANG_CXX_LANGUAGE_STANDARD = "gnu++14";
				CLANG_CXX_LIBRARY = "libc++";
				CLANG_ENABLE_MODULES = YES;
				CLANG_ENABLE_OBJC_ARC = YES;
				CLANG_WARN_BLOCK_CAPTURE_AUTORELEASING = YES;
				CLANG_WARN_BOOL_CONVERSION = YES;
				CLANG_WARN_COMMA = YES;
				CLANG_WARN_CONSTANT_CONVERSION = YES;
				CLANG_WARN_DIRECT_OBJC_ISA_USAGE = YES_ERROR;
				CLANG_WARN_DOCUMENTATION_COMMENTS = YES;
				CLANG_WARN_EMPTY_BODY = YES;
				CLANG_WARN_ENUM_CONVERSION = YES;
				CLANG_WARN_INFINITE_RECURSION = YES;
				CLANG_WARN_INT_CONVERSION = YES;
				CLANG_WARN_NON_LITERAL_NULL_CONVERSION = YES;
				CLANG_WARN_OBJC_LITERAL_CONVERSION = YES;
				CLANG_WARN_OBJC_ROOT_CLASS = YES_ERROR;
				CLANG_WARN_RANGE_LOOP_ANALYSIS = YES;
				CLANG_WARN_STRICT_PROTOTYPES = YES;
				CLANG_WARN_SUSPICIOUS_MOVE = YES;
				CLANG_WARN_UNGUARDED_AVAILABILITY = YES_AGGRESSIVE;
				CLANG_WARN_UNREACHABLE_CODE = YES;
				CLANG_WARN__DUPLICATE_METHOD_MATCH = YES;
				CODE_SIGN_IDENTITY = "-";
				COPY_PHASE_STRIP = NO;
				DEBUG_INFORMATION_FORMAT = "dwarf-with-dsym";
				ENABLE_NS_ASSERTIONS = NO;
				ENABLE_STRICT_OBJC_MSGSEND = YES;
				GCC_C_LANGUAGE_STANDARD = gnu11;
				GCC_NO_COMMON_BLOCKS = YES;
				GCC_WARN_64_TO_32_BIT_CONVERSION = YES;
				GCC_WARN_ABOUT_RETURN_TYPE = YES_ERROR;
				GCC_WARN_UNDECLARED_SELECTOR = YES;
				GCC_WARN_UNINITIALIZED_AUTOS = YES_AGGRESSIVE;
				GCC_WARN_UNUSED_FUNCTION = YES;
				GCC_WARN_UNUSED_VARIABLE = YES;
				MACOSX_DEPLOYMENT_TARGET = 10.13;
				MTL_ENABLE_DEBUG_INFO = NO;
				SDKROOT = macosx;
			};
			name = Release;
		};
		AAE4C8081FF4EA3100B97A47 /* Debug */ = {
			isa = XCBuildConfiguration;
			buildSettings = {
				CODE_SIGN_STYLE = Automatic;
				PRODUCT_NAME = "$(TARGET_NAME)";
			};
			name = Debug;
		};
		AAE4C8091FF4EA3100B97A47 /* Release */ = {
			isa = XCBuildConfiguration;
			buildSettings = {
				CODE_SIGN_STYLE = Automatic;
				PRODUCT_NAME = "$(TARGET_NAME)";
			};
			name = Release;
		};
/* End XCBuildConfiguration section */

/* Begin XCConfigurationList section */
		AAE4C7FB1FF4EA3100B97A47 /* Build configuration list for PBXProject "LongestPalindromicSubstring" */ = {
			isa = XCConfigurationList;
			buildConfigurations = (
				AAE4C8051FF4EA3100B97A47 /* Debug */,
				AAE4C8061FF4EA3100B97A47 /* Release */,
			);
			defaultConfigurationIsVisible = 0;
			defaultConfigurationName = Release;
		};
		AAE4C8071FF4EA3100B97A47 /* Build configuration list for PBXNativeTarget "LongestPalindromicSubstring" */ = {
			isa = XCConfigurationList;
			buildConfigurations = (
				AAE4C8081FF4EA3100B97A47 /* Debug */,
				AAE4C8091FF4EA3100B97A47 /* Release */,
			);
			defaultConfigurationIsVisible = 0;
			defaultConfigurationName = Release;
		};
/* End XCConfigurationList section */
	};
	rootObject = AAE4C7F81FF4EA3100B97A47 /* Project object */;
}
